
Microsoft Visual Studio Solution File, Format Version 12.00
# Visual Studio 2015
Project("{FAE04EC0-301F-11D3-BF4B-00C04F79EFBC}") = "ICS169A-Nimble.CSharp", "ICS169A-Nimble.CSharp.csproj", "{88C8B3DE-E4E2-3E50-7CDD-ABC291505422}"
EndProject
Global
	GlobalSection(SolutionConfigurationPlatforms) = preSolution
		Debug|Any CPU = Debug|Any CPU
		Release|Any CPU = Release|Any CPU
	EndGlobalSection
	GlobalSection(ProjectConfigurationPlatforms) = postSolution
		{88C8B3DE-E4E2-3E50-7CDD-ABC291505422}.Debug|Any CPU.ActiveCfg = Debug|Any CPU
		{88C8B3DE-E4E2-3E50-7CDD-ABC291505422}.Debug|Any CPU.Build.0 = Debug|Any CPU
		{88C8B3DE-E4E2-3E50-7CDD-ABC291505422}.Release|Any CPU.ActiveCfg = Release|Any CPU
		{88C8B3DE-E4E2-3E50-7CDD-ABC291505422}.Release|Any CPU.Build.0 = Release|Any CPU
	EndGlobalSection
	GlobalSection(SolutionProperties) = preSolution
		HideSolutionNode = FALSE
	EndGlobalSection
EndGlobal
